
Microsoft Visual Studio Solution File, Format Version 12.00
# Visual Studio 14
VisualStudioVersion = 14.0.25420.1
MinimumVisualStudioVersion = 10.0.40219.1
Project("{2150E333-8FDC-42A3-9474-1A3956D46DE8}") = "src", "src", "{F8533A47-CA0C-4ED3-A523-7F8358FFDA68}"
EndProject
Project("{FAE04EC0-301F-11D3-BF4B-00C04F79EFBC}") = "Api", "src\Api\Api.csproj", "{ABFDA24C-E770-4A65-9354-93468A750D0C}"
EndProject
Project("{FAE04EC0-301F-11D3-BF4B-00C04F79EFBC}") = "Api.Core", "src\Api.Core\Api.Core.csproj", "{09F69917-2680-478A-BE50-38747CD76FA0}"
EndProject
Project("{2150E333-8FDC-42A3-9474-1A3956D46DE8}") = "Api.Features", "Api.Features", "{8B0C1262-AE8C-4046-83EF-5492860EE95C}"
EndProject
Project("{2150E333-8FDC-42A3-9474-1A3956D46DE8}") = "test", "test", "{97FC4FAE-BC03-4071-8DA0-AB42ADB7371F}"
EndProject
Project("{2150E333-8FDC-42A3-9474-1A3956D46DE8}") = "TestRunner", "TestRunner", "{9890344C-8BF4-48D4-96DB-7AAA004E970D}"
EndProject
Project("{2150E333-8FDC-42A3-9474-1A3956D46DE8}") = "Versioned", "Versioned", "{05BA9618-8878-4AF5-ADEC-A8FB951548C1}"
EndProject
Project("{FAE04EC0-301F-11D3-BF4B-00C04F79EFBC}") = "Api.Versioned", "src\Api.Features\Versioned\Api.Versioned\Api.Versioned.csproj", "{23AD6D76-4F22-47DC-87E9-A4CAE909BCCB}"
EndProject
Project("{FAE04EC0-301F-11D3-BF4B-00C04F79EFBC}") = "ApiTestRunner", "test\TestRunner\ApiTestRunner\ApiTestRunner.csproj", "{7D3D2B01-D627-4673-BB09-9F4FD10B8484}"
EndProject
Project("{FAE04EC0-301F-11D3-BF4B-00C04F79EFBC}") = "ApiTestRunner.Core", "test\TestRunner\ApiTestRunner.Core\ApiTestRunner.Core.csproj", "{D7C9A965-9CF5-4430-A490-DFBE4648FE72}"
EndProject
Project("{2150E333-8FDC-42A3-9474-1A3956D46DE8}") = "Solution Items", "Solution Items", "{5A2DAE82-81DF-4A04-ACFA-E12C6B5493D8}"
	ProjectSection(SolutionItems) = preProject
		README.md = README.md
	EndProjectSection
EndProject
Global
	GlobalSection(SolutionConfigurationPlatforms) = preSolution
		Debug|Any CPU = Debug|Any CPU
		Release|Any CPU = Release|Any CPU
	EndGlobalSection
	GlobalSection(ProjectConfigurationPlatforms) = postSolution
		{ABFDA24C-E770-4A65-9354-93468A750D0C}.Debug|Any CPU.ActiveCfg = Debug|Any CPU
		{ABFDA24C-E770-4A65-9354-93468A750D0C}.Debug|Any CPU.Build.0 = Debug|Any CPU
		{ABFDA24C-E770-4A65-9354-93468A750D0C}.Release|Any CPU.ActiveCfg = Release|Any CPU
		{ABFDA24C-E770-4A65-9354-93468A750D0C}.Release|Any CPU.Build.0 = Release|Any CPU
		{09F69917-2680-478A-BE50-38747CD76FA0}.Debug|Any CPU.ActiveCfg = Debug|Any CPU
		{09F69917-2680-478A-BE50-38747CD76FA0}.Debug|Any CPU.Build.0 = Debug|Any CPU
		{09F69917-2680-478A-BE50-38747CD76FA0}.Release|Any CPU.ActiveCfg = Release|Any CPU
		{09F69917-2680-478A-BE50-38747CD76FA0}.Release|Any CPU.Build.0 = Release|Any CPU
		{23AD6D76-4F22-47DC-87E9-A4CAE909BCCB}.Debug|Any CPU.ActiveCfg = Debug|Any CPU
		{23AD6D76-4F22-47DC-87E9-A4CAE909BCCB}.Debug|Any CPU.Build.0 = Debug|Any CPU
		{23AD6D76-4F22-47DC-87E9-A4CAE909BCCB}.Release|Any CPU.ActiveCfg = Release|Any CPU
		{23AD6D76-4F22-47DC-87E9-A4CAE909BCCB}.Release|Any CPU.Build.0 = Release|Any CPU
		{7D3D2B01-D627-4673-BB09-9F4FD10B8484}.Debug|Any CPU.ActiveCfg = Debug|Any CPU
		{7D3D2B01-D627-4673-BB09-9F4FD10B8484}.Debug|Any CPU.Build.0 = Debug|Any CPU
		{7D3D2B01-D627-4673-BB09-9F4FD10B8484}.Release|Any CPU.ActiveCfg = Release|Any CPU
		{7D3D2B01-D627-4673-BB09-9F4FD10B8484}.Release|Any CPU.Build.0 = Release|Any CPU
		{D7C9A965-9CF5-4430-A490-DFBE4648FE72}.Debug|Any CPU.ActiveCfg = Debug|Any CPU
		{D7C9A965-9CF5-4430-A490-DFBE4648FE72}.Debug|Any CPU.Build.0 = Debug|Any CPU
		{D7C9A965-9CF5-4430-A490-DFBE4648FE72}.Release|Any CPU.ActiveCfg = Release|Any CPU
		{D7C9A965-9CF5-4430-A490-DFBE4648FE72}.Release|Any CPU.Build.0 = Release|Any CPU
	EndGlobalSection
	GlobalSection(SolutionProperties) = preSolution
		HideSolutionNode = FALSE
	EndGlobalSection
	GlobalSection(NestedProjects) = preSolution
		{ABFDA24C-E770-4A65-9354-93468A750D0C} = {F8533A47-CA0C-4ED3-A523-7F8358FFDA68}
		{09F69917-2680-478A-BE50-38747CD76FA0} = {F8533A47-CA0C-4ED3-A523-7F8358FFDA68}
		{8B0C1262-AE8C-4046-83EF-5492860EE95C} = {F8533A47-CA0C-4ED3-A523-7F8358FFDA68}
		{9890344C-8BF4-48D4-96DB-7AAA004E970D} = {97FC4FAE-BC03-4071-8DA0-AB42ADB7371F}
		{05BA9618-8878-4AF5-ADEC-A8FB951548C1} = {8B0C1262-AE8C-4046-83EF-5492860EE95C}
		{23AD6D76-4F22-47DC-87E9-A4CAE909BCCB} = {05BA9618-8878-4AF5-ADEC-A8FB951548C1}
		{7D3D2B01-D627-4673-BB09-9F4FD10B8484} = {9890344C-8BF4-48D4-96DB-7AAA004E970D}
		{D7C9A965-9CF5-4430-A490-DFBE4648FE72} = {9890344C-8BF4-48D4-96DB-7AAA004E970D}
	EndGlobalSection
EndGlobal
