
Microsoft Visual Studio Solution File, Format Version 12.00
# Visual Studio 14
VisualStudioVersion = 14.0.25420.1
MinimumVisualStudioVersion = 10.0.40219.1
Project("{2150E333-8FDC-42A3-9474-1A3956D46DE8}") = "src", "src", "{F8533A47-CA0C-4ED3-A523-7F8358FFDA68}"
EndProject
Project("{2150E333-8FDC-42A3-9474-1A3956D46DE8}") = "Api.Features", "Api.Features", "{8B0C1262-AE8C-4046-83EF-5492860EE95C}"
EndProject
Project("{2150E333-8FDC-42A3-9474-1A3956D46DE8}") = "test", "test", "{97FC4FAE-BC03-4071-8DA0-AB42ADB7371F}"
EndProject
Project("{2150E333-8FDC-42A3-9474-1A3956D46DE8}") = "TestRunner", "TestRunner", "{9890344C-8BF4-48D4-96DB-7AAA004E970D}"
EndProject
Project("{2150E333-8FDC-42A3-9474-1A3956D46DE8}") = "Versioned", "Versioned", "{05BA9618-8878-4AF5-ADEC-A8FB951548C1}"
EndProject
Project("{2150E333-8FDC-42A3-9474-1A3956D46DE8}") = "Solution Items", "Solution Items", "{5A2DAE82-81DF-4A04-ACFA-E12C6B5493D8}"
	ProjectSection(SolutionItems) = preProject
		README.md = README.md
	EndProjectSection
EndProject
Project("{2150E333-8FDC-42A3-9474-1A3956D46DE8}") = "1.Api", "1.Api", "{092A978B-EC6A-48EA-8095-61EFFC6D53F0}"
EndProject
Project("{FAE04EC0-301F-11D3-BF4B-00C04F79EFBC}") = "Api.Versioned", "src\1.Api\Api.Features\Versioned\Api.Versioned\Api.Versioned.csproj", "{23AD6D76-4F22-47DC-87E9-A4CAE909BCCB}"
EndProject
Project("{FAE04EC0-301F-11D3-BF4B-00C04F79EFBC}") = "Api.Core", "src\1.Api\Api.Core\Api.Core.csproj", "{09F69917-2680-478A-BE50-38747CD76FA0}"
EndProject
Project("{2150E333-8FDC-42A3-9474-1A3956D46DE8}") = "1.Api", "1.Api", "{1BC19239-7254-4C42-BE75-37C3F23ED213}"
EndProject
Project("{FAE04EC0-301F-11D3-BF4B-00C04F79EFBC}") = "ApiTestRunner", "test\1.Api\TestRunner\ApiTestRunner\ApiTestRunner.csproj", "{7D3D2B01-D627-4673-BB09-9F4FD10B8484}"
EndProject
Project("{FAE04EC0-301F-11D3-BF4B-00C04F79EFBC}") = "ApiTestRunner.Core", "test\1.Api\TestRunner\ApiTestRunner.Core\ApiTestRunner.Core.csproj", "{D7C9A965-9CF5-4430-A490-DFBE4648FE72}"
EndProject
Project("{FAE04EC0-301F-11D3-BF4B-00C04F79EFBC}") = "Api", "src\1.Api\Api\Api.csproj", "{ABFDA24C-E770-4A65-9354-93468A750D0C}"
EndProject
Project("{2150E333-8FDC-42A3-9474-1A3956D46DE8}") = "Api.Helpers", "Api.Helpers", "{5C59EB60-8316-4E5D-A09F-DD21F053C84E}"
EndProject
Project("{FAE04EC0-301F-11D3-BF4B-00C04F79EFBC}") = "Api.Helpers.Core", "src\1.Api\Api.Helpers\Api.Helpers.Core\Api.Helpers.Core.csproj", "{8C4D1301-18BA-4990-A1BC-0A7AFF4CE9C6}"
EndProject
Project("{FAE04EC0-301F-11D3-BF4B-00C04F79EFBC}") = "Api.Helpers.Contracts", "src\1.Api\Api.Helpers\Api.Helpers.Contracts\Api.Helpers.Contracts.csproj", "{2DAE8052-6918-4700-A208-FC50B42E2A56}"
EndProject
Global
	GlobalSection(SolutionConfigurationPlatforms) = preSolution
		Debug|Any CPU = Debug|Any CPU
		Release|Any CPU = Release|Any CPU
	EndGlobalSection
	GlobalSection(ProjectConfigurationPlatforms) = postSolution
		{23AD6D76-4F22-47DC-87E9-A4CAE909BCCB}.Debug|Any CPU.ActiveCfg = Debug|Any CPU
		{23AD6D76-4F22-47DC-87E9-A4CAE909BCCB}.Debug|Any CPU.Build.0 = Debug|Any CPU
		{23AD6D76-4F22-47DC-87E9-A4CAE909BCCB}.Release|Any CPU.ActiveCfg = Release|Any CPU
		{23AD6D76-4F22-47DC-87E9-A4CAE909BCCB}.Release|Any CPU.Build.0 = Release|Any CPU
		{09F69917-2680-478A-BE50-38747CD76FA0}.Debug|Any CPU.ActiveCfg = Debug|Any CPU
		{09F69917-2680-478A-BE50-38747CD76FA0}.Debug|Any CPU.Build.0 = Debug|Any CPU
		{09F69917-2680-478A-BE50-38747CD76FA0}.Release|Any CPU.ActiveCfg = Release|Any CPU
		{09F69917-2680-478A-BE50-38747CD76FA0}.Release|Any CPU.Build.0 = Release|Any CPU
		{7D3D2B01-D627-4673-BB09-9F4FD10B8484}.Debug|Any CPU.ActiveCfg = Debug|Any CPU
		{7D3D2B01-D627-4673-BB09-9F4FD10B8484}.Debug|Any CPU.Build.0 = Debug|Any CPU
		{7D3D2B01-D627-4673-BB09-9F4FD10B8484}.Release|Any CPU.ActiveCfg = Release|Any CPU
		{7D3D2B01-D627-4673-BB09-9F4FD10B8484}.Release|Any CPU.Build.0 = Release|Any CPU
		{D7C9A965-9CF5-4430-A490-DFBE4648FE72}.Debug|Any CPU.ActiveCfg = Debug|Any CPU
		{D7C9A965-9CF5-4430-A490-DFBE4648FE72}.Debug|Any CPU.Build.0 = Debug|Any CPU
		{D7C9A965-9CF5-4430-A490-DFBE4648FE72}.Release|Any CPU.ActiveCfg = Release|Any CPU
		{D7C9A965-9CF5-4430-A490-DFBE4648FE72}.Release|Any CPU.Build.0 = Release|Any CPU
		{ABFDA24C-E770-4A65-9354-93468A750D0C}.Debug|Any CPU.ActiveCfg = Debug|Any CPU
		{ABFDA24C-E770-4A65-9354-93468A750D0C}.Debug|Any CPU.Build.0 = Debug|Any CPU
		{ABFDA24C-E770-4A65-9354-93468A750D0C}.Release|Any CPU.ActiveCfg = Release|Any CPU
		{ABFDA24C-E770-4A65-9354-93468A750D0C}.Release|Any CPU.Build.0 = Release|Any CPU
		{8C4D1301-18BA-4990-A1BC-0A7AFF4CE9C6}.Debug|Any CPU.ActiveCfg = Debug|Any CPU
		{8C4D1301-18BA-4990-A1BC-0A7AFF4CE9C6}.Debug|Any CPU.Build.0 = Debug|Any CPU
		{8C4D1301-18BA-4990-A1BC-0A7AFF4CE9C6}.Release|Any CPU.ActiveCfg = Release|Any CPU
		{8C4D1301-18BA-4990-A1BC-0A7AFF4CE9C6}.Release|Any CPU.Build.0 = Release|Any CPU
		{2DAE8052-6918-4700-A208-FC50B42E2A56}.Debug|Any CPU.ActiveCfg = Debug|Any CPU
		{2DAE8052-6918-4700-A208-FC50B42E2A56}.Debug|Any CPU.Build.0 = Debug|Any CPU
		{2DAE8052-6918-4700-A208-FC50B42E2A56}.Release|Any CPU.ActiveCfg = Release|Any CPU
		{2DAE8052-6918-4700-A208-FC50B42E2A56}.Release|Any CPU.Build.0 = Release|Any CPU
	EndGlobalSection
	GlobalSection(SolutionProperties) = preSolution
		HideSolutionNode = FALSE
	EndGlobalSection
	GlobalSection(NestedProjects) = preSolution
		{8B0C1262-AE8C-4046-83EF-5492860EE95C} = {092A978B-EC6A-48EA-8095-61EFFC6D53F0}
		{9890344C-8BF4-48D4-96DB-7AAA004E970D} = {1BC19239-7254-4C42-BE75-37C3F23ED213}
		{05BA9618-8878-4AF5-ADEC-A8FB951548C1} = {8B0C1262-AE8C-4046-83EF-5492860EE95C}
		{092A978B-EC6A-48EA-8095-61EFFC6D53F0} = {F8533A47-CA0C-4ED3-A523-7F8358FFDA68}
		{23AD6D76-4F22-47DC-87E9-A4CAE909BCCB} = {05BA9618-8878-4AF5-ADEC-A8FB951548C1}
		{09F69917-2680-478A-BE50-38747CD76FA0} = {092A978B-EC6A-48EA-8095-61EFFC6D53F0}
		{1BC19239-7254-4C42-BE75-37C3F23ED213} = {97FC4FAE-BC03-4071-8DA0-AB42ADB7371F}
		{7D3D2B01-D627-4673-BB09-9F4FD10B8484} = {9890344C-8BF4-48D4-96DB-7AAA004E970D}
		{D7C9A965-9CF5-4430-A490-DFBE4648FE72} = {9890344C-8BF4-48D4-96DB-7AAA004E970D}
		{ABFDA24C-E770-4A65-9354-93468A750D0C} = {092A978B-EC6A-48EA-8095-61EFFC6D53F0}
		{5C59EB60-8316-4E5D-A09F-DD21F053C84E} = {092A978B-EC6A-48EA-8095-61EFFC6D53F0}
		{8C4D1301-18BA-4990-A1BC-0A7AFF4CE9C6} = {5C59EB60-8316-4E5D-A09F-DD21F053C84E}
		{2DAE8052-6918-4700-A208-FC50B42E2A56} = {5C59EB60-8316-4E5D-A09F-DD21F053C84E}
	EndGlobalSection
EndGlobal
